{
    "deployer/deployer": {
        "version": "v6.2.0"
    },
    "deployer/phar-update": {
        "version": "v2.1.0"
    },
    "easycorp/easy-deploy-bundle": {
        "version": "v1.0.5"
    },
    "phpmailer/phpmailer": {
        "version": "v6.0.5"
    },
    "pimple/pimple": {
        "version": "v3.2.3"
    },
    "symfony/expression-language": {
        "version": "v4.1.3"
    },
    "symfony/process": {
        "version": "v4.1.2"
    },
    "symfony/requirements-checker": {
        "version": "1.0",
        "recipe": {
            "repo": "github.com/symfony/recipes",
            "branch": "master",
            "version": "1.0",
            "ref": "93d0ec48679f5e240d265088305c1ad775723f93"
        }
    },
    "symfony/web-server-bundle": {
        "version": "3.3",
        "recipe": {
            "repo": "github.com/symfony/recipes",
            "branch": "master",
            "version": "3.3",
            "ref": "dae9b39fd6717970be7601101ce5aa960bf53d9a"
        }
    }
}
